// !$*UTF8*$!
{
	archiveVersion = 1;
	classes = {
	};
	objectVersion = 46;
	objects = {

/* Begin PBXBuildFile section */
		752267771B964D7C00ADD5DE /* AppDelegate.swift in Sources */ = {isa = PBXBuildFile; fileRef = 752267761B964D7C00ADD5DE /* AppDelegate.swift */; };
		752267791B964D7C00ADD5DE /* ViewController.swift in Sources */ = {isa = PBXBuildFile; fileRef = 752267781B964D7C00ADD5DE /* ViewController.swift */; };
		7522677C1B964D7C00ADD5DE /* Main.storyboard in Resources */ = {isa = PBXBuildFile; fileRef = 7522677A1B964D7C00ADD5DE /* Main.storyboard */; };
		7522677E1B964D7C00ADD5DE /* Assets.xcassets in Resources */ = {isa = PBXBuildFile; fileRef = 7522677D1B964D7C00ADD5DE /* Assets.xcassets */; };
		752267811B964D7C00ADD5DE /* LaunchScreen.storyboard in Resources */ = {isa = PBXBuildFile; fileRef = 7522677F1B964D7C00ADD5DE /* LaunchScreen.storyboard */; };
		7522678C1B964D7C00ADD5DE /* Auto_Layout_101Tests.swift in Sources */ = {isa = PBXBuildFile; fileRef = 7522678B1B964D7C00ADD5DE /* Auto_Layout_101Tests.swift */; };
		752267971B964D7C00ADD5DE /* Auto_Layout_101UITests.swift in Sources */ = {isa = PBXBuildFile; fileRef = 752267961B964D7C00ADD5DE /* Auto_Layout_101UITests.swift */; };
		752267A51B96502F00ADD5DE /* Heart.png in Resources */ = {isa = PBXBuildFile; fileRef = 752267A41B96502F00ADD5DE /* Heart.png */; };
		75B96AAB1BA0396C00F70798 /* D0GQ9Jl.jpg in Resources */ = {isa = PBXBuildFile; fileRef = 75B96AAA1BA0396C00F70798 /* D0GQ9Jl.jpg */; };
		75B96AAD1BA0415000F70798 /* 2X8X6fW.jpg in Resources */ = {isa = PBXBuildFile; fileRef = 75B96AAC1BA0415000F70798 /* 2X8X6fW.jpg */; };
/* End PBXBuildFile section */

/* Begin PBXContainerItemProxy section */
		752267881B964D7C00ADD5DE /* PBXContainerItemProxy */ = {
			isa = PBXContainerItemProxy;
			containerPortal = 7522676B1B964D7B00ADD5DE /* Project object */;
			proxyType = 1;
			remoteGlobalIDString = 752267721B964D7C00ADD5DE;
			remoteInfo = "Auto Layout 101";
		};
		752267931B964D7C00ADD5DE /* PBXContainerItemProxy */ = {
			isa = PBXContainerItemProxy;
			containerPortal = 7522676B1B964D7B00ADD5DE /* Project object */;
			proxyType = 1;
			remoteGlobalIDString = 752267721B964D7C00ADD5DE;
			remoteInfo = "Auto Layout 101";
		};
/* End PBXContainerItemProxy section */

/* Begin PBXFileReference section */
		752267731B964D7C00ADD5DE /* Auto Layout 101.app */ = {isa = PBXFileReference; explicitFileType = wrapper.application; includeInIndex = 0; path = "Auto Layout 101.app"; sourceTree = BUILT_PRODUCTS_DIR; };
		752267761B964D7C00ADD5DE /* AppDelegate.swift */ = {isa = PBXFileReference; lastKnownFileType = sourcecode.swift; path = AppDelegate.swift; sourceTree = "<group>"; };
		752267781B964D7C00ADD5DE /* ViewController.swift */ = {isa = PBXFileReference; lastKnownFileType = sourcecode.swift; path = ViewController.swift; sourceTree = "<group>"; };
		7522677B1B964D7C00ADD5DE /* Base */ = {isa = PBXFileReference; lastKnownFileType = file.storyboard; name = Base; path = Base.lproj/Main.storyboard; sourceTree = "<group>"; };
		7522677D1B964D7C00ADD5DE /* Assets.xcassets */ = {isa = PBXFileReference; lastKnownFileType = folder.assetcatalog; path = Assets.xcassets; sourceTree = "<group>"; };
		752267801B964D7C00ADD5DE /* Base */ = {isa = PBXFileReference; lastKnownFileType = file.storyboard; name = Base; path = Base.lproj/LaunchScreen.storyboard; sourceTree = "<group>"; };
		752267821B964D7C00ADD5DE /* Info.plist */ = {isa = PBXFileReference; lastKnownFileType = text.plist.xml; path = Info.plist; sourceTree = "<group>"; };
		752267871B964D7C00ADD5DE /* Auto Layout 101Tests.xctest */ = {isa = PBXFileReference; explicitFileType = wrapper.cfbundle; includeInIndex = 0; path = "Auto Layout 101Tests.xctest"; sourceTree = BUILT_PRODUCTS_DIR; };
		7522678B1B964D7C00ADD5DE /* Auto_Layout_101Tests.swift */ = {isa = PBXFileReference; lastKnownFileType = sourcecode.swift; path = Auto_Layout_101Tests.swift; sourceTree = "<group>"; };
		7522678D1B964D7C00ADD5DE /* Info.plist */ = {isa = PBXFileReference; lastKnownFileType = text.plist.xml; path = Info.plist; sourceTree = "<group>"; };
		752267921B964D7C00ADD5DE /* Auto Layout 101UITests.xctest */ = {isa = PBXFileReference; explicitFileType = wrapper.cfbundle; includeInIndex = 0; path = "Auto Layout 101UITests.xctest"; sourceTree = BUILT_PRODUCTS_DIR; };
		752267961B964D7C00ADD5DE /* Auto_Layout_101UITests.swift */ = {isa = PBXFileReference; lastKnownFileType = sourcecode.swift; path = Auto_Layout_101UITests.swift; sourceTree = "<group>"; };
		752267981B964D7C00ADD5DE /* Info.plist */ = {isa = PBXFileReference; lastKnownFileType = text.plist.xml; path = Info.plist; sourceTree = "<group>"; };
		752267A41B96502F00ADD5DE /* Heart.png */ = {isa = PBXFileReference; lastKnownFileType = image.png; path = Heart.png; sourceTree = "<group>"; };
		75B96AAA1BA0396C00F70798 /* D0GQ9Jl.jpg */ = {isa = PBXFileReference; lastKnownFileType = image.jpeg; path = D0GQ9Jl.jpg; sourceTree = "<group>"; };
		75B96AAC1BA0415000F70798 /* 2X8X6fW.jpg */ = {isa = PBXFileReference; lastKnownFileType = image.jpeg; path = 2X8X6fW.jpg; sourceTree = "<group>"; };
/* End PBXFileReference section */

/* Begin PBXFrameworksBuildPhase section */
		752267701B964D7C00ADD5DE /* Frameworks */ = {
			isa = PBXFrameworksBuildPhase;
			buildActionMask = 2147483647;
			files = (
			);
			runOnlyForDeploymentPostprocessing = 0;
		};
		752267841B964D7C00ADD5DE /* Frameworks */ = {
			isa = PBXFrameworksBuildPhase;
			buildActionMask = 2147483647;
			files = (
			);
			runOnlyForDeploymentPostprocessing = 0;
		};
		7522678F1B964D7C00ADD5DE /* Frameworks */ = {
			isa = PBXFrameworksBuildPhase;
			buildActionMask = 2147483647;
			files = (
			);
			runOnlyForDeploymentPostprocessing = 0;
		};
/* End PBXFrameworksBuildPhase section */

/* Begin PBXGroup section */
		7522676A1B964D7B00ADD5DE = {
			isa = PBXGroup;
			children = (
				752267751B964D7C00ADD5DE /* Auto Layout 101 */,
				7522678A1B964D7C00ADD5DE /* Auto Layout 101Tests */,
				752267951B964D7C00ADD5DE /* Auto Layout 101UITests */,
				752267741B964D7C00ADD5DE /* Products */,
			);
			sourceTree = "<group>";
		};
		752267741B964D7C00ADD5DE /* Products */ = {
			isa = PBXGroup;
			children = (
				752267731B964D7C00ADD5DE /* Auto Layout 101.app */,
				752267871B964D7C00ADD5DE /* Auto Layout 101Tests.xctest */,
				752267921B964D7C00ADD5DE /* Auto Layout 101UITests.xctest */,
			);
			name = Products;
			sourceTree = "<group>";
		};
		752267751B964D7C00ADD5DE /* Auto Layout 101 */ = {
			isa = PBXGroup;
			children = (
				752267761B964D7C00ADD5DE /* AppDelegate.swift */,
				752267781B964D7C00ADD5DE /* ViewController.swift */,
				752267A41B96502F00ADD5DE /* Heart.png */,
				7522677A1B964D7C00ADD5DE /* Main.storyboard */,
				75B96AAC1BA0415000F70798 /* 2X8X6fW.jpg */,
				75B96AAA1BA0396C00F70798 /* D0GQ9Jl.jpg */,
				7522677D1B964D7C00ADD5DE /* Assets.xcassets */,
				7522677F1B964D7C00ADD5DE /* LaunchScreen.storyboard */,
				752267821B964D7C00ADD5DE /* Info.plist */,
			);
			path = "Auto Layout 101";
			sourceTree = "<group>";
		};
		7522678A1B964D7C00ADD5DE /* Auto Layout 101Tests */ = {
			isa = PBXGroup;
			children = (
				7522678B1B964D7C00ADD5DE /* Auto_Layout_101Tests.swift */,
				7522678D1B964D7C00ADD5DE /* Info.plist */,
			);
			path = "Auto Layout 101Tests";
			sourceTree = "<group>";
		};
		752267951B964D7C00ADD5DE /* Auto Layout 101UITests */ = {
			isa = PBXGroup;
			children = (
				752267961B964D7C00ADD5DE /* Auto_Layout_101UITests.swift */,
				752267981B964D7C00ADD5DE /* Info.plist */,
			);
			path = "Auto Layout 101UITests";
			sourceTree = "<group>";
		};
/* End PBXGroup section */

/* Begin PBXNativeTarget section */
		752267721B964D7C00ADD5DE /* Auto Layout 101 */ = {
			isa = PBXNativeTarget;
			buildConfigurationList = 7522679B1B964D7C00ADD5DE /* Build configuration list for PBXNativeTarget "Auto Layout 101" */;
			buildPhases = (
				7522676F1B964D7C00ADD5DE /* Sources */,
				752267701B964D7C00ADD5DE /* Frameworks */,
				752267711B964D7C00ADD5DE /* Resources */,
			);
			buildRules = (
			);
			dependencies = (
			);
			name = "Auto Layout 101";
			productName = "Auto Layout 101";
			productReference = 752267731B964D7C00ADD5DE /* Auto Layout 101.app */;
			productType = "com.apple.product-type.application";
		};
		752267861B964D7C00ADD5DE /* Auto Layout 101Tests */ = {
			isa = PBXNativeTarget;
			buildConfigurationList = 7522679E1B964D7C00ADD5DE /* Build configuration list for PBXNativeTarget "Auto Layout 101Tests" */;
			buildPhases = (
				752267831B964D7C00ADD5DE /* Sources */,
				752267841B964D7C00ADD5DE /* Frameworks */,
				752267851B964D7C00ADD5DE /* Resources */,
			);
			buildRules = (
			);
			dependencies = (
				752267891B964D7C00ADD5DE /* PBXTargetDependency */,
			);
			name = "Auto Layout 101Tests";
			productName = "Auto Layout 101Tests";
			productReference = 752267871B964D7C00ADD5DE /* Auto Layout 101Tests.xctest */;
			productType = "com.apple.product-type.bundle.unit-test";
		};
		752267911B964D7C00ADD5DE /* Auto Layout 101UITests */ = {
			isa = PBXNativeTarget;
			buildConfigurationList = 752267A11B964D7C00ADD5DE /* Build configuration list for PBXNativeTarget "Auto Layout 101UITests" */;
			buildPhases = (
				7522678E1B964D7C00ADD5DE /* Sources */,
				7522678F1B964D7C00ADD5DE /* Frameworks */,
				752267901B964D7C00ADD5DE /* Resources */,
			);
			buildRules = (
			);
			dependencies = (
				752267941B964D7C00ADD5DE /* PBXTargetDependency */,
			);
			name = "Auto Layout 101UITests";
			productName = "Auto Layout 101UITests";
			productReference = 752267921B964D7C00ADD5DE /* Auto Layout 101UITests.xctest */;
			productType = "com.apple.product-type.bundle.ui-testing";
		};
/* End PBXNativeTarget section */

/* Begin PBXProject section */
		7522676B1B964D7B00ADD5DE /* Project object */ = {
			isa = PBXProject;
			attributes = {
				LastUpgradeCheck = 0700;
				ORGANIZATIONNAME = "Andrei Puni";
				TargetAttributes = {
					752267721B964D7C00ADD5DE = {
						CreatedOnToolsVersion = 7.0;
					};
					752267861B964D7C00ADD5DE = {
						CreatedOnToolsVersion = 7.0;
						TestTargetID = 752267721B964D7C00ADD5DE;
					};
					752267911B964D7C00ADD5DE = {
						CreatedOnToolsVersion = 7.0;
						TestTargetID = 752267721B964D7C00ADD5DE;
					};
				};
			};
			buildConfigurationList = 7522676E1B964D7B00ADD5DE /* Build configuration list for PBXProject "Auto Layout 101" */;
			compatibilityVersion = "Xcode 3.2";
			developmentRegion = English;
			hasScannedForEncodings = 0;
			knownRegions = (
				en,
				Base,
			);
			mainGroup = 7522676A1B964D7B00ADD5DE;
			productRefGroup = 752267741B964D7C00ADD5DE /* Products */;
			projectDirPath = "";
			projectRoot = "";
			targets = (
				752267721B964D7C00ADD5DE /* Auto Layout 101 */,
				752267861B964D7C00ADD5DE /* Auto Layout 101Tests */,
				752267911B964D7C00ADD5DE /* Auto Layout 101UITests */,
			);
		};
/* End PBXProject section */

/* Begin PBXResourcesBuildPhase section */
		752267711B964D7C00ADD5DE /* Resources */ = {
			isa = PBXResourcesBuildPhase;
			buildActionMask = 2147483647;
			files = (
				752267A51B96502F00ADD5DE /* Heart.png in Resources */,
				75B96AAB1BA0396C00F70798 /* D0GQ9Jl.jpg in Resources */,
				752267811B964D7C00ADD5DE /* LaunchScreen.storyboard in Resources */,
				7522677E1B964D7C00ADD5DE /* Assets.xcassets in Resources */,
				75B96AAD1BA0415000F70798 /* 2X8X6fW.jpg in Resources */,
				7522677C1B964D7C00ADD5DE /* Main.storyboard in Resources */,
			);
			runOnlyForDeploymentPostprocessing = 0;
		};
		752267851B964D7C00ADD5DE /* Resources */ = {
			isa = PBXResourcesBuildPhase;
			buildActionMask = 2147483647;
			files = (
			);
			runOnlyForDeploymentPostprocessing = 0;
		};
		752267901B964D7C00ADD5DE /* Resources */ = {
			isa = PBXResourcesBuildPhase;
			buildActionMask = 2147483647;
			files = (
			);
			runOnlyForDeploymentPostprocessing = 0;
		};
/* End PBXResourcesBuildPhase section */

/* Begin PBXSourcesBuildPhase section */
		7522676F1B964D7C00ADD5DE /* Sources */ = {
			isa = PBXSourcesBuildPhase;
			buildActionMask = 2147483647;
			files = (
				752267791B964D7C00ADD5DE /* ViewController.swift in Sources */,
				752267771B964D7C00ADD5DE /* AppDelegate.swift in Sources */,
			);
			runOnlyForDeploymentPostprocessing = 0;
		};
		752267831B964D7C00ADD5DE /* Sources */ = {
			isa = PBXSourcesBuildPhase;
			buildActionMask = 2147483647;
			files = (
				7522678C1B964D7C00ADD5DE /* Auto_Layout_101Tests.swift in Sources */,
			);
			runOnlyForDeploymentPostprocessing = 0;
		};
		7522678E1B964D7C00ADD5DE /* Sources */ = {
			isa = PBXSourcesBuildPhase;
			buildActionMask = 2147483647;
			files = (
				752267971B964D7C00ADD5DE /* Auto_Layout_101UITests.swift in Sources */,
			);
			runOnlyForDeploymentPostprocessing = 0;
		};
/* End PBXSourcesBuildPhase section */

/* Begin PBXTargetDependency section */
		752267891B964D7C00ADD5DE /* PBXTargetDependency */ = {
			isa = PBXTargetDependency;
			target = 752267721B964D7C00ADD5DE /* Auto Layout 101 */;
			targetProxy = 752267881B964D7C00ADD5DE /* PBXContainerItemProxy */;
		};
		752267941B964D7C00ADD5DE /* PBXTargetDependency */ = {
			isa = PBXTargetDependency;
			target = 752267721B964D7C00ADD5DE /* Auto Layout 101 */;
			targetProxy = 752267931B964D7C00ADD5DE /* PBXContainerItemProxy */;
		};
/* End PBXTargetDependency section */

/* Begin PBXVariantGroup section */
		7522677A1B964D7C00ADD5DE /* Main.storyboard */ = {
			isa = PBXVariantGroup;
			children = (
				7522677B1B964D7C00ADD5DE /* Base */,
			);
			name = Main.storyboard;
			sourceTree = "<group>";
		};
		7522677F1B964D7C00ADD5DE /* LaunchScreen.storyboard */ = {
			isa = PBXVariantGroup;
			children = (
				752267801B964D7C00ADD5DE /* Base */,
			);
			name = LaunchScreen.storyboard;
			sourceTree = "<group>";
		};
/* End PBXVariantGroup section */

/* Begin XCBuildConfiguration section */
		752267991B964D7C00ADD5DE /* Debug */ = {
			isa = XCBuildConfiguration;
			buildSettings = {
				ALWAYS_SEARCH_USER_PATHS = NO;
				CLANG_CXX_LANGUAGE_STANDARD = "gnu++0x";
				CLANG_CXX_LIBRARY = "libc++";
				CLANG_ENABLE_MODULES = YES;
				CLANG_ENABLE_OBJC_ARC = YES;
				CLANG_WARN_BOOL_CONVERSION = YES;
				CLANG_WARN_CONSTANT_CONVERSION = YES;
				CLANG_WARN_DIRECT_OBJC_ISA_USAGE = YES_ERROR;
				CLANG_WARN_EMPTY_BODY = YES;
				CLANG_WARN_ENUM_CONVERSION = YES;
				CLANG_WARN_INT_CONVERSION = YES;
				CLANG_WARN_OBJC_ROOT_CLASS = YES_ERROR;
				CLANG_WARN_UNREACHABLE_CODE = YES;
				CLANG_WARN__DUPLICATE_METHOD_MATCH = YES;
				"CODE_SIGN_IDENTITY[sdk=iphoneos*]" = "iPhone Developer";
				COPY_PHASE_STRIP = NO;
				DEBUG_INFORMATION_FORMAT = dwarf;
				ENABLE_STRICT_OBJC_MSGSEND = YES;
				ENABLE_TESTABILITY = YES;
				GCC_C_LANGUAGE_STANDARD = gnu99;
				GCC_DYNAMIC_NO_PIC = NO;
				GCC_NO_COMMON_BLOCKS = YES;
				GCC_OPTIMIZATION_LEVEL = 0;
				GCC_PREPROCESSOR_DEFINITIONS = (
					"DEBUG=1",
					"$(inherited)",
				);
				GCC_WARN_64_TO_32_BIT_CONVERSION = YES;
				GCC_WARN_ABOUT_RETURN_TYPE = YES_ERROR;
				GCC_WARN_UNDECLARED_SELECTOR = YES;
				GCC_WARN_UNINITIALIZED_AUTOS = YES_AGGRESSIVE;
				GCC_WARN_UNUSED_FUNCTION = YES;
				GCC_WARN_UNUSED_VARIABLE = YES;
				IPHONEOS_DEPLOYMENT_TARGET = 9.0;
				MTL_ENABLE_DEBUG_INFO = YES;
				ONLY_ACTIVE_ARCH = YES;
				SDKROOT = iphoneos;
				SWIFT_OPTIMIZATION_LEVEL = "-Onone";
			};
			name = Debug;
		};
		7522679A1B964D7C00ADD5DE /* Release */ = {
			isa = XCBuildConfiguration;
			buildSettings = {
				ALWAYS_SEARCH_USER_PATHS = NO;
				CLANG_CXX_LANGUAGE_STANDARD = "gnu++0x";
				CLANG_CXX_LIBRARY = "libc++";
				CLANG_ENABLE_MODULES = YES;
				CLANG_ENABLE_OBJC_ARC = YES;
				CLANG_WARN_BOOL_CONVERSION = YES;
				CLANG_WARN_CONSTANT_CONVERSION = YES;
				CLANG_WARN_DIRECT_OBJC_ISA_USAGE = YES_ERROR;
				CLANG_WARN_EMPTY_BODY = YES;
				CLANG_WARN_ENUM_CONVERSION = YES;
				CLANG_WARN_INT_CONVERSION = YES;
				CLANG_WARN_OBJC_ROOT_CLASS = YES_ERROR;
				CLANG_WARN_UNREACHABLE_CODE = YES;
				CLANG_WARN__DUPLICATE_METHOD_MATCH = YES;
				"CODE_SIGN_IDENTITY[sdk=iphoneos*]" = "iPhone Developer";
				COPY_PHASE_STRIP = NO;
				DEBUG_INFORMATION_FORMAT = "dwarf-with-dsym";
				ENABLE_NS_ASSERTIONS = NO;
				ENABLE_STRICT_OBJC_MSGSEND = YES;
				GCC_C_LANGUAGE_STANDARD = gnu99;
				GCC_NO_COMMON_BLOCKS = YES;
				GCC_WARN_64_TO_32_BIT_CONVERSION = YES;
				GCC_WARN_ABOUT_RETURN_TYPE = YES_ERROR;
				GCC_WARN_UNDECLARED_SELECTOR = YES;
				GCC_WARN_UNINITIALIZED_AUTOS = YES_AGGRESSIVE;
				GCC_WARN_UNUSED_FUNCTION = YES;
				GCC_WARN_UNUSED_VARIABLE = YES;
				IPHONEOS_DEPLOYMENT_TARGET = 9.0;
				MTL_ENABLE_DEBUG_INFO = NO;
				SDKROOT = iphoneos;
				VALIDATE_PRODUCT = YES;
			};
			name = Release;
		};
		7522679C1B964D7C00ADD5DE /* Debug */ = {
			isa = XCBuildConfiguration;
			buildSettings = {
				ASSETCATALOG_COMPILER_APPICON_NAME = AppIcon;
				INFOPLIST_FILE = "Auto Layout 101/Info.plist";
				LD_RUNPATH_SEARCH_PATHS = "$(inherited) @executable_path/Frameworks";
				PRODUCT_BUNDLE_IDENTIFIER = "com.weheartswift.Auto-Layout-101";
				PRODUCT_NAME = "$(TARGET_NAME)";
			};
			name = Debug;
		};
		7522679D1B964D7C00ADD5DE /* Release */ = {
			isa = XCBuildConfiguration;
			buildSettings = {
				ASSETCATALOG_COMPILER_APPICON_NAME = AppIcon;
				INFOPLIST_FILE = "Auto Layout 101/Info.plist";
				LD_RUNPATH_SEARCH_PATHS = "$(inherited) @executable_path/Frameworks";
				PRODUCT_BUNDLE_IDENTIFIER = "com.weheartswift.Auto-Layout-101";
				PRODUCT_NAME = "$(TARGET_NAME)";
			};
			name = Release;
		};
		7522679F1B964D7C00ADD5DE /* Debug */ = {
			isa = XCBuildConfiguration;
			buildSettings = {
				BUNDLE_LOADER = "$(TEST_HOST)";
				INFOPLIST_FILE = "Auto Layout 101Tests/Info.plist";
				LD_RUNPATH_SEARCH_PATHS = "$(inherited) @executable_path/Frameworks @loader_path/Frameworks";
				PRODUCT_BUNDLE_IDENTIFIER = "com.weheartswift.Auto-Layout-101Tests";
				PRODUCT_NAME = "$(TARGET_NAME)";
				TEST_HOST = "$(BUILT_PRODUCTS_DIR)/Auto Layout 101.app/Auto Layout 101";
			};
			name = Debug;
		};
		752267A01B964D7C00ADD5DE /* Release */ = {
			isa = XCBuildConfiguration;
			buildSettings = {
				BUNDLE_LOADER = "$(TEST_HOST)";
				INFOPLIST_FILE = "Auto Layout 101Tests/Info.plist";
				LD_RUNPATH_SEARCH_PATHS = "$(inherited) @executable_path/Frameworks @loader_path/Frameworks";
				PRODUCT_BUNDLE_IDENTIFIER = "com.weheartswift.Auto-Layout-101Tests";
				PRODUCT_NAME = "$(TARGET_NAME)";
				TEST_HOST = "$(BUILT_PRODUCTS_DIR)/Auto Layout 101.app/Auto Layout 101";
			};
			name = Release;
		};
		752267A21B964D7C00ADD5DE /* Debug */ = {
			isa = XCBuildConfiguration;
			buildSettings = {
				INFOPLIST_FILE = "Auto Layout 101UITests/Info.plist";
				LD_RUNPATH_SEARCH_PATHS = "$(inherited) @executable_path/Frameworks @loader_path/Frameworks";
				PRODUCT_BUNDLE_IDENTIFIER = "com.weheartswift.Auto-Layout-101UITests";
				PRODUCT_NAME = "$(TARGET_NAME)";
				TEST_TARGET_NAME = "Auto Layout 101";
				USES_XCTRUNNER = YES;
			};
			name = Debug;
		};
		752267A31B964D7C00ADD5DE /* Release */ = {
			isa = XCBuildConfiguration;
			buildSettings = {
				INFOPLIST_FILE = "Auto Layout 101UITests/Info.plist";
				LD_RUNPATH_SEARCH_PATHS = "$(inherited) @executable_path/Frameworks @loader_path/Frameworks";
				PRODUCT_BUNDLE_IDENTIFIER = "com.weheartswift.Auto-Layout-101UITests";
				PRODUCT_NAME = "$(TARGET_NAME)";
				TEST_TARGET_NAME = "Auto Layout 101";
				USES_XCTRUNNER = YES;
			};
			name = Release;
		};
/* End XCBuildConfiguration section */

/* Begin XCConfigurationList section */
		7522676E1B964D7B00ADD5DE /* Build configuration list for PBXProject "Auto Layout 101" */ = {
			isa = XCConfigurationList;
			buildConfigurations = (
				752267991B964D7C00ADD5DE /* Debug */,
				7522679A1B964D7C00ADD5DE /* Release */,
			);
			defaultConfigurationIsVisible = 0;
			defaultConfigurationName = Release;
		};
		7522679B1B964D7C00ADD5DE /* Build configuration list for PBXNativeTarget "Auto Layout 101" */ = {
			isa = XCConfigurationList;
			buildConfigurations = (
				7522679C1B964D7C00ADD5DE /* Debug */,
				7522679D1B964D7C00ADD5DE /* Release */,
			);
			defaultConfigurationIsVisible = 0;
			defaultConfigurationName = Release;
		};
		7522679E1B964D7C00ADD5DE /* Build configuration list for PBXNativeTarget "Auto Layout 101Tests" */ = {
			isa = XCConfigurationList;
			buildConfigurations = (
				7522679F1B964D7C00ADD5DE /* Debug */,
				752267A01B964D7C00ADD5DE /* Release */,
			);
			defaultConfigurationIsVisible = 0;
			defaultConfigurationName = Release;
		};
		752267A11B964D7C00ADD5DE /* Build configuration list for PBXNativeTarget "Auto Layout 101UITests" */ = {
			isa = XCConfigurationList;
			buildConfigurations = (
				752267A21B964D7C00ADD5DE /* Debug */,
				752267A31B964D7C00ADD5DE /* Release */,
			);
			defaultConfigurationIsVisible = 0;
			defaultConfigurationName = Release;
		};
/* End XCConfigurationList section */
	};
	rootObject = 7522676B1B964D7B00ADD5DE /* Project object */;
}
